
Microsoft Visual Studio Solution File, Format Version 12.00
# Visual Studio Version 16
VisualStudioVersion = 16.0.33927.289
MinimumVisualStudioVersion = 10.0.40219.1
Project("{2150E333-8FDC-42A3-9474-1A3956D46DE8}") = "Task0", "Task0", "{F4F79D36-76EF-4C28-B076-7DF3AF6E3DB1}"
EndProject
Project("{FAE04EC0-301F-11D3-BF4B-00C04F79EFBC}") = "Tyuiu.BrukhovAA.Sprint1.Task0.V9", "Tyuiu.BrukhovAA.Sprint1.Task0.V9\Tyuiu.BrukhovAA.Sprint1.Task0.V9.csproj", "{21CBDE4E-027D-4296-A628-70D1CEE8B48D}"
EndProject
Project("{FAE04EC0-301F-11D3-BF4B-00C04F79EFBC}") = "Tyuiu.BrukhovAA.Sprint1.Task0.V9.Lib", "Tyuiu.BrukhovAA.Sprint1.Task0.V9.Lib\Tyuiu.BrukhovAA.Sprint1.Task0.V9.Lib.csproj", "{4FC92F12-8628-41A0-A1E8-6497DB19DDCA}"
EndProject
Project("{FAE04EC0-301F-11D3-BF4B-00C04F79EFBC}") = "Tyuiu.BrukhovAA.Sprint1.Task0.V9.Test", "Tyuiu.BrukhovAA.Sprint1.Task0.V9.Test\Tyuiu.BrukhovAA.Sprint1.Task0.V9.Test.csproj", "{B23AEC65-A029-400D-BD0F-57293E0F0243}"
EndProject
Project("{2150E333-8FDC-42A3-9474-1A3956D46DE8}") = "Task1", "Task1", "{B2AF14C9-B488-4E48-8B13-1F8F5C661FD9}"
EndProject
Project("{FAE04EC0-301F-11D3-BF4B-00C04F79EFBC}") = "Tyuiu.BrukhovAA.Sprint1.Task1.V29", "Tyuiu.BrukhovAA.Sprint1.Task1.V29\Tyuiu.BrukhovAA.Sprint1.Task1.V29.csproj", "{35846D2E-69B9-4A02-B193-699425CB7356}"
EndProject
Project("{FAE04EC0-301F-11D3-BF4B-00C04F79EFBC}") = "Tyuiu.BrukhovAA.Sprint1.Task1.V29.Lib", "Tyuiu.BrukhovAA.Sprint1.Task1.V29.Lib\Tyuiu.BrukhovAA.Sprint1.Task1.V29.Lib.csproj", "{681134C4-2613-4EF0-8B45-B61FFA6715FB}"
EndProject
Project("{FAE04EC0-301F-11D3-BF4B-00C04F79EFBC}") = "Tyuiu.BrukhovAA.Sprint1.Task1.V29.Test", "Tyuiu.BrukhovAA.Sprint1.Task1.V29.Test\Tyuiu.BrukhovAA.Sprint1.Task1.V29.Test.csproj", "{EBA97067-A460-4629-BB28-A0016AE50BEC}"
EndProject
Project("{2150E333-8FDC-42A3-9474-1A3956D46DE8}") = "Task2", "Task2", "{9355D7CC-9C81-43C8-A687-EFE2378F2EE6}"
EndProject
Project("{FAE04EC0-301F-11D3-BF4B-00C04F79EFBC}") = "Tyuiu.BrukhovAA.Sprint1.Task2.V3", "Tyuiu.BrukhovAA.Sprint1.Task2.V3\Tyuiu.BrukhovAA.Sprint1.Task2.V3.csproj", "{A558F7A4-FBAD-4CD3-B6D6-A6DA6FAE5EF2}"
EndProject
Project("{FAE04EC0-301F-11D3-BF4B-00C04F79EFBC}") = "Tyuiu.BrukhovAA.Sprint1.Task2.V3.Lib", "Tyuiu.BrukhovAA.Sprint1.Task2.V3.Lib\Tyuiu.BrukhovAA.Sprint1.Task2.V3.Lib.csproj", "{7073AF31-A517-4153-9D92-3CCE2BFFFBA9}"
EndProject
Project("{FAE04EC0-301F-11D3-BF4B-00C04F79EFBC}") = "Tyuiu.BrukhovAA.Sprint1.Task2.V3.Test", "Tyuiu.BrukhovAA.Sprint1.Task2.V3.Test\Tyuiu.BrukhovAA.Sprint1.Task2.V3.Test.csproj", "{6655EB8C-9411-4244-AD02-3996524807B4}"
EndProject
Global
	GlobalSection(SolutionConfigurationPlatforms) = preSolution
		Debug|Any CPU = Debug|Any CPU
		Release|Any CPU = Release|Any CPU
	EndGlobalSection
	GlobalSection(ProjectConfigurationPlatforms) = postSolution
		{21CBDE4E-027D-4296-A628-70D1CEE8B48D}.Debug|Any CPU.ActiveCfg = Debug|Any CPU
		{21CBDE4E-027D-4296-A628-70D1CEE8B48D}.Debug|Any CPU.Build.0 = Debug|Any CPU
		{21CBDE4E-027D-4296-A628-70D1CEE8B48D}.Release|Any CPU.ActiveCfg = Release|Any CPU
		{21CBDE4E-027D-4296-A628-70D1CEE8B48D}.Release|Any CPU.Build.0 = Release|Any CPU
		{4FC92F12-8628-41A0-A1E8-6497DB19DDCA}.Debug|Any CPU.ActiveCfg = Debug|Any CPU
		{4FC92F12-8628-41A0-A1E8-6497DB19DDCA}.Debug|Any CPU.Build.0 = Debug|Any CPU
		{4FC92F12-8628-41A0-A1E8-6497DB19DDCA}.Release|Any CPU.ActiveCfg = Release|Any CPU
		{4FC92F12-8628-41A0-A1E8-6497DB19DDCA}.Release|Any CPU.Build.0 = Release|Any CPU
		{B23AEC65-A029-400D-BD0F-57293E0F0243}.Debug|Any CPU.ActiveCfg = Debug|Any CPU
		{B23AEC65-A029-400D-BD0F-57293E0F0243}.Debug|Any CPU.Build.0 = Debug|Any CPU
		{B23AEC65-A029-400D-BD0F-57293E0F0243}.Release|Any CPU.ActiveCfg = Release|Any CPU
		{B23AEC65-A029-400D-BD0F-57293E0F0243}.Release|Any CPU.Build.0 = Release|Any CPU
		{35846D2E-69B9-4A02-B193-699425CB7356}.Debug|Any CPU.ActiveCfg = Debug|Any CPU
		{35846D2E-69B9-4A02-B193-699425CB7356}.Debug|Any CPU.Build.0 = Debug|Any CPU
		{35846D2E-69B9-4A02-B193-699425CB7356}.Release|Any CPU.ActiveCfg = Release|Any CPU
		{35846D2E-69B9-4A02-B193-699425CB7356}.Release|Any CPU.Build.0 = Release|Any CPU
		{681134C4-2613-4EF0-8B45-B61FFA6715FB}.Debug|Any CPU.ActiveCfg = Debug|Any CPU
		{681134C4-2613-4EF0-8B45-B61FFA6715FB}.Debug|Any CPU.Build.0 = Debug|Any CPU
		{681134C4-2613-4EF0-8B45-B61FFA6715FB}.Release|Any CPU.ActiveCfg = Release|Any CPU
		{681134C4-2613-4EF0-8B45-B61FFA6715FB}.Release|Any CPU.Build.0 = Release|Any CPU
		{EBA97067-A460-4629-BB28-A0016AE50BEC}.Debug|Any CPU.ActiveCfg = Debug|Any CPU
		{EBA97067-A460-4629-BB28-A0016AE50BEC}.Debug|Any CPU.Build.0 = Debug|Any CPU
		{EBA97067-A460-4629-BB28-A0016AE50BEC}.Release|Any CPU.ActiveCfg = Release|Any CPU
		{EBA97067-A460-4629-BB28-A0016AE50BEC}.Release|Any CPU.Build.0 = Release|Any CPU
		{A558F7A4-FBAD-4CD3-B6D6-A6DA6FAE5EF2}.Debug|Any CPU.ActiveCfg = Debug|Any CPU
		{A558F7A4-FBAD-4CD3-B6D6-A6DA6FAE5EF2}.Debug|Any CPU.Build.0 = Debug|Any CPU
		{A558F7A4-FBAD-4CD3-B6D6-A6DA6FAE5EF2}.Release|Any CPU.ActiveCfg = Release|Any CPU
		{A558F7A4-FBAD-4CD3-B6D6-A6DA6FAE5EF2}.Release|Any CPU.Build.0 = Release|Any CPU
		{7073AF31-A517-4153-9D92-3CCE2BFFFBA9}.Debug|Any CPU.ActiveCfg = Debug|Any CPU
		{7073AF31-A517-4153-9D92-3CCE2BFFFBA9}.Debug|Any CPU.Build.0 = Debug|Any CPU
		{7073AF31-A517-4153-9D92-3CCE2BFFFBA9}.Release|Any CPU.ActiveCfg = Release|Any CPU
		{7073AF31-A517-4153-9D92-3CCE2BFFFBA9}.Release|Any CPU.Build.0 = Release|Any CPU
		{6655EB8C-9411-4244-AD02-3996524807B4}.Debug|Any CPU.ActiveCfg = Debug|Any CPU
		{6655EB8C-9411-4244-AD02-3996524807B4}.Debug|Any CPU.Build.0 = Debug|Any CPU
		{6655EB8C-9411-4244-AD02-3996524807B4}.Release|Any CPU.ActiveCfg = Release|Any CPU
		{6655EB8C-9411-4244-AD02-3996524807B4}.Release|Any CPU.Build.0 = Release|Any CPU
	EndGlobalSection
	GlobalSection(SolutionProperties) = preSolution
		HideSolutionNode = FALSE
	EndGlobalSection
	GlobalSection(NestedProjects) = preSolution
		{21CBDE4E-027D-4296-A628-70D1CEE8B48D} = {F4F79D36-76EF-4C28-B076-7DF3AF6E3DB1}
		{4FC92F12-8628-41A0-A1E8-6497DB19DDCA} = {F4F79D36-76EF-4C28-B076-7DF3AF6E3DB1}
		{B23AEC65-A029-400D-BD0F-57293E0F0243} = {F4F79D36-76EF-4C28-B076-7DF3AF6E3DB1}
		{35846D2E-69B9-4A02-B193-699425CB7356} = {B2AF14C9-B488-4E48-8B13-1F8F5C661FD9}
		{681134C4-2613-4EF0-8B45-B61FFA6715FB} = {B2AF14C9-B488-4E48-8B13-1F8F5C661FD9}
		{EBA97067-A460-4629-BB28-A0016AE50BEC} = {B2AF14C9-B488-4E48-8B13-1F8F5C661FD9}
		{A558F7A4-FBAD-4CD3-B6D6-A6DA6FAE5EF2} = {9355D7CC-9C81-43C8-A687-EFE2378F2EE6}
		{7073AF31-A517-4153-9D92-3CCE2BFFFBA9} = {9355D7CC-9C81-43C8-A687-EFE2378F2EE6}
		{6655EB8C-9411-4244-AD02-3996524807B4} = {9355D7CC-9C81-43C8-A687-EFE2378F2EE6}
	EndGlobalSection
	GlobalSection(ExtensibilityGlobals) = postSolution
		SolutionGuid = {C5DA8031-2464-4510-B7BD-352841372F76}
	EndGlobalSection
EndGlobal
